
Microsoft Visual Studio Solution File, Format Version 12.00
# Visual Studio Version 17
VisualStudioVersion = 17.4.33103.184
MinimumVisualStudioVersion = 10.0.40219.1
Project("{FAE04EC0-301F-11D3-BF4B-00C04F79EFBC}") = "interpolate", "interpolate\interpolate.csproj", "{428C0260-0083-4246-B4F7-6B9F03CF40DD}"
EndProject
Global
	GlobalSection(SolutionConfigurationPlatforms) = preSolution
		Debug|Any CPU = Debug|Any CPU
		Release|Any CPU = Release|Any CPU
	EndGlobalSection
	GlobalSection(ProjectConfigurationPlatforms) = postSolution
		{428C0260-0083-4246-B4F7-6B9F03CF40DD}.Debug|Any CPU.ActiveCfg = Debug|Any CPU
		{428C0260-0083-4246-B4F7-6B9F03CF40DD}.Debug|Any CPU.Build.0 = Debug|Any CPU
		{428C0260-0083-4246-B4F7-6B9F03CF40DD}.Release|Any CPU.ActiveCfg = Release|Any CPU
		{428C0260-0083-4246-B4F7-6B9F03CF40DD}.Release|Any CPU.Build.0 = Release|Any CPU
	EndGlobalSection
	GlobalSection(SolutionProperties) = preSolution
		HideSolutionNode = FALSE
	EndGlobalSection
	GlobalSection(ExtensibilityGlobals) = postSolution
		SolutionGuid = {60576E3F-1478-45B3-AFE3-C5E9EAB2DF33}
	EndGlobalSection
EndGlobal
